<?xml version="1.0" encoding="UTF-8"?>
<!DOCTYPE plist PUBLIC "-//Apple//DTD PLIST 1.0//EN" "http://www.apple.com/DTDs/PropertyList-1.0.dtd">
<plist version="1.0">
<dict>
	<key>archiveVersion</key>
	<string>1</string>
	<key>classes</key>
	<dict/>
	<key>objectVersion</key>
	<string>46</string>
	<key>objects</key>
	<dict>
		<key>0BD1DBD2C56BD2A0E47CE45A</key>
		<dict>
			<key>children</key>
			<array>
				<string>4DB95E5EDA1264BBDB6465D7</string>
			</array>
			<key>isa</key>
			<string>PBXGroup</string>
			<key>name</key>
			<string>Frameworks</string>
			<key>sourceTree</key>
			<string>&lt;group&gt;</string>
		</dict>
		<key>17E06D34C9E63234BBE6E2F0</key>
		<dict>
			<key>fileRef</key>
			<string>4DB95E5EDA1264BBDB6465D7</string>
			<key>isa</key>
			<string>PBXBuildFile</string>
		</dict>
		<key>180798F91CCB0C440039B92E</key>
		<dict>
			<key>isa</key>
			<string>PBXFileReference</string>
			<key>lastKnownFileType</key>
			<string>image.png</string>
			<key>path</key>
			<string>Tab_Favour_new.png</string>
			<key>sourceTree</key>
			<string>&lt;group&gt;</string>
		</dict>
		<key>180798FA1CCB0C440039B92E</key>
		<dict>
			<key>isa</key>
			<string>PBXFileReference</string>
			<key>lastKnownFileType</key>
			<string>image.png</string>
			<key>path</key>
			<string>Tab_Favour_new@2x.png</string>
			<key>sourceTree</key>
			<string>&lt;group&gt;</string>
		</dict>
		<key>180798FB1CCB0C440039B92E</key>
		<dict>
			<key>isa</key>
			<string>PBXFileReference</string>
			<key>lastKnownFileType</key>
			<string>image.png</string>
			<key>path</key>
			<string>Tab_Favour_new@3x.png</string>
			<key>sourceTree</key>
			<string>&lt;group&gt;</string>
		</dict>
		<key>180798FC1CCB0C440039B92E</key>
		<dict>
			<key>isa</key>
			<string>PBXFileReference</string>
			<key>lastKnownFileType</key>
			<string>image.png</string>
			<key>path</key>
			<string>Tab_Favour.png</string>
			<key>sourceTree</key>
			<string>&lt;group&gt;</string>
		</dict>
		<key>180798FD1CCB0C440039B92E</key>
		<dict>
			<key>isa</key>
			<string>PBXFileReference</string>
			<key>lastKnownFileType</key>
			<string>image.png</string>
			<key>path</key>
			<string>Tab_Favour@2x.png</string>
			<key>sourceTree</key>
			<string>&lt;group&gt;</string>
		</dict>
		<key>180798FE1CCB0C440039B92E</key>
		<dict>
			<key>isa</key>
			<string>PBXFileReference</string>
			<key>lastKnownFileType</key>
			<string>image.png</string>
			<key>path</key>
			<string>Tab_Favour@3x.png</string>
			<key>sourceTree</key>
			<string>&lt;group&gt;</string>
		</dict>
		<key>180798FF1CCB0C440039B92E</key>
		<dict>
			<key>isa</key>
			<string>PBXFileReference</string>
			<key>lastKnownFileType</key>
			<string>image.png</string>
			<key>path</key>
			<string>Tab_Find_new.png</string>
			<key>sourceTree</key>
			<string>&lt;group&gt;</string>
		</dict>
		<key>180799001CCB0C440039B92E</key>
		<dict>
			<key>isa</key>
			<string>PBXFileReference</string>
			<key>lastKnownFileType</key>
			<string>image.png</string>
			<key>path</key>
			<string>Tab_Find_new@2x .png</string>
			<key>sourceTree</key>
			<string>&lt;group&gt;</string>
		</dict>
		<key>180799011CCB0C440039B92E</key>
		<dict>
			<key>isa</key>
			<string>PBXFileReference</string>
			<key>lastKnownFileType</key>
			<string>image.png</string>
			<key>path</key>
			<string>Tab_Find_new@3x.png</string>
			<key>sourceTree</key>
			<string>&lt;group&gt;</string>
		</dict>
		<key>180799021CCB0C440039B92E</key>
		<dict>
			<key>isa</key>
			<string>PBXFileReference</string>
			<key>lastKnownFileType</key>
			<string>image.png</string>
			<key>path</key>
			<string>Tab_Find.png</string>
			<key>sourceTree</key>
			<string>&lt;group&gt;</string>
		</dict>
		<key>180799031CCB0C440039B92E</key>
		<dict>
			<key>isa</key>
			<string>PBXFileReference</string>
			<key>lastKnownFileType</key>
			<string>image.png</string>
			<key>path</key>
			<string>Tab_Find@2x.png</string>
			<key>sourceTree</key>
			<string>&lt;group&gt;</string>
		</dict>
		<key>180799041CCB0C440039B92E</key>
		<dict>
			<key>isa</key>
			<string>PBXFileReference</string>
			<key>lastKnownFileType</key>
			<string>image.png</string>
			<key>path</key>
			<string>Tab_Find@3x.png</string>
			<key>sourceTree</key>
			<string>&lt;group&gt;</string>
		</dict>
		<key>180799051CCB0C440039B92E</key>
		<dict>
			<key>isa</key>
			<string>PBXFileReference</string>
			<key>lastKnownFileType</key>
			<string>image.png</string>
			<key>path</key>
			<string>Tab_home_new.png</string>
			<key>sourceTree</key>
			<string>&lt;group&gt;</string>
		</dict>
		<key>180799061CCB0C440039B92E</key>
		<dict>
			<key>isa</key>
			<string>PBXFileReference</string>
			<key>lastKnownFileType</key>
			<string>image.png</string>
			<key>path</key>
			<string>Tab_home_new@2x.png</string>
			<key>sourceTree</key>
			<string>&lt;group&gt;</string>
		</dict>
		<key>180799071CCB0C440039B92E</key>
		<dict>
			<key>isa</key>
			<string>PBXFileReference</string>
			<key>lastKnownFileType</key>
			<string>image.png</string>
			<key>path</key>
			<string>Tab_home_new@3x.png</string>
			<key>sourceTree</key>
			<string>&lt;group&gt;</string>
		</dict>
		<key>180799081CCB0C440039B92E</key>
		<dict>
			<key>isa</key>
			<string>PBXFileReference</string>
			<key>lastKnownFileType</key>
			<string>image.png</string>
			<key>path</key>
			<string>Tab_home.png</string>
			<key>sourceTree</key>
			<string>&lt;group&gt;</string>
		</dict>
		<key>180799091CCB0C440039B92E</key>
		<dict>
			<key>isa</key>
			<string>PBXFileReference</string>
			<key>lastKnownFileType</key>
			<string>image.png</string>
			<key>path</key>
			<string>Tab_home@2x.png</string>
			<key>sourceTree</key>
			<string>&lt;group&gt;</string>
		</dict>
		<key>1807990A1CCB0C440039B92E</key>
		<dict>
			<key>isa</key>
			<string>PBXFileReference</string>
			<key>lastKnownFileType</key>
			<string>image.png</string>
			<key>path</key>
			<string>Tab_home@3x.png</string>
			<key>sourceTree</key>
			<string>&lt;group&gt;</string>
		</dict>
		<key>1807990B1CCB0C440039B92E</key>
		<dict>
			<key>isa</key>
			<string>PBXFileReference</string>
			<key>lastKnownFileType</key>
			<string>image.png</string>
			<key>path</key>
			<string>Tab_setting_new.png</string>
			<key>sourceTree</key>
			<string>&lt;group&gt;</string>
		</dict>
		<key>1807990C1CCB0C440039B92E</key>
		<dict>
			<key>isa</key>
			<string>PBXFileReference</string>
			<key>lastKnownFileType</key>
			<string>image.png</string>
			<key>path</key>
			<string>Tab_setting_new@2x.png</string>
			<key>sourceTree</key>
			<string>&lt;group&gt;</string>
		</dict>
		<key>1807990D1CCB0C440039B92E</key>
		<dict>
			<key>isa</key>
			<string>PBXFileReference</string>
			<key>lastKnownFileType</key>
			<string>image.png</string>
			<key>path</key>
			<string>Tab_setting_new@3x.png</string>
			<key>sourceTree</key>
			<string>&lt;group&gt;</string>
		</dict>
		<key>1807990E1CCB0C440039B92E</key>
		<dict>
			<key>isa</key>
			<string>PBXFileReference</string>
			<key>lastKnownFileType</key>
			<string>image.png</string>
			<key>path</key>
			<string>Tab_setting.png</string>
			<key>sourceTree</key>
			<string>&lt;group&gt;</string>
		</dict>
		<key>1807990F1CCB0C440039B92E</key>
		<dict>
			<key>isa</key>
			<string>PBXFileReference</string>
			<key>lastKnownFileType</key>
			<string>image.png</string>
			<key>path</key>
			<string>Tab_setting@2x.png</string>
			<key>sourceTree</key>
			<string>&lt;group&gt;</string>
		</dict>
		<key>180799101CCB0C440039B92E</key>
		<dict>
			<key>isa</key>
			<string>PBXFileReference</string>
			<key>lastKnownFileType</key>
			<string>image.png</string>
			<key>path</key>
			<string>Tab_setting@3x.png</string>
			<key>sourceTree</key>
			<string>&lt;group&gt;</string>
		</dict>
		<key>180799111CCB0C440039B92E</key>
		<dict>
			<key>isa</key>
			<string>PBXFileReference</string>
			<key>lastKnownFileType</key>
			<string>image.png</string>
			<key>path</key>
			<string>Tab_Special_new.png</string>
			<key>sourceTree</key>
			<string>&lt;group&gt;</string>
		</dict>
		<key>180799121CCB0C440039B92E</key>
		<dict>
			<key>isa</key>
			<string>PBXFileReference</string>
			<key>lastKnownFileType</key>
			<string>image.png</string>
			<key>path</key>
			<string>Tab_Special_new@2x.png</string>
			<key>sourceTree</key>
			<string>&lt;group&gt;</string>
		</dict>
		<key>180799131CCB0C440039B92E</key>
		<dict>
			<key>isa</key>
			<string>PBXFileReference</string>
			<key>lastKnownFileType</key>
			<string>image.png</string>
			<key>path</key>
			<string>Tab_Special_new@3x.png</string>
			<key>sourceTree</key>
			<string>&lt;group&gt;</string>
		</dict>
		<key>180799141CCB0C440039B92E</key>
		<dict>
			<key>isa</key>
			<string>PBXFileReference</string>
			<key>lastKnownFileType</key>
			<string>image.png</string>
			<key>path</key>
			<string>Tab_Special.png</string>
			<key>sourceTree</key>
			<string>&lt;group&gt;</string>
		</dict>
		<key>180799151CCB0C440039B92E</key>
		<dict>
			<key>isa</key>
			<string>PBXFileReference</string>
			<key>lastKnownFileType</key>
			<string>image.png</string>
			<key>path</key>
			<string>Tab_Special@2x.png</string>
			<key>sourceTree</key>
			<string>&lt;group&gt;</string>
		</dict>
		<key>180799161CCB0C440039B92E</key>
		<dict>
			<key>isa</key>
			<string>PBXFileReference</string>
			<key>lastKnownFileType</key>
			<string>image.png</string>
			<key>path</key>
			<string>Tab_Special@3x.png</string>
			<key>sourceTree</key>
			<string>&lt;group&gt;</string>
		</dict>
		<key>180799171CCB0C440039B92E</key>
		<dict>
			<key>fileRef</key>
			<string>180798F91CCB0C440039B92E</string>
			<key>isa</key>
			<string>PBXBuildFile</string>
		</dict>
		<key>180799181CCB0C440039B92E</key>
		<dict>
			<key>fileRef</key>
			<string>180798FA1CCB0C440039B92E</string>
			<key>isa</key>
			<string>PBXBuildFile</string>
		</dict>
		<key>180799191CCB0C440039B92E</key>
		<dict>
			<key>fileRef</key>
			<string>180798FB1CCB0C440039B92E</string>
			<key>isa</key>
			<string>PBXBuildFile</string>
		</dict>
		<key>1807991A1CCB0C440039B92E</key>
		<dict>
			<key>fileRef</key>
			<string>180798FC1CCB0C440039B92E</string>
			<key>isa</key>
			<string>PBXBuildFile</string>
		</dict>
		<key>1807991B1CCB0C440039B92E</key>
		<dict>
			<key>fileRef</key>
			<string>180798FD1CCB0C440039B92E</string>
			<key>isa</key>
			<string>PBXBuildFile</string>
		</dict>
		<key>1807991C1CCB0C440039B92E</key>
		<dict>
			<key>fileRef</key>
			<string>180798FE1CCB0C440039B92E</string>
			<key>isa</key>
			<string>PBXBuildFile</string>
		</dict>
		<key>1807991D1CCB0C440039B92E</key>
		<dict>
			<key>fileRef</key>
			<string>180798FF1CCB0C440039B92E</string>
			<key>isa</key>
			<string>PBXBuildFile</string>
		</dict>
		<key>1807991E1CCB0C440039B92E</key>
		<dict>
			<key>fileRef</key>
			<string>180799001CCB0C440039B92E</string>
			<key>isa</key>
			<string>PBXBuildFile</string>
		</dict>
		<key>1807991F1CCB0C440039B92E</key>
		<dict>
			<key>fileRef</key>
			<string>180799011CCB0C440039B92E</string>
			<key>isa</key>
			<string>PBXBuildFile</string>
		</dict>
		<key>180799201CCB0C440039B92E</key>
		<dict>
			<key>fileRef</key>
			<string>180799021CCB0C440039B92E</string>
			<key>isa</key>
			<string>PBXBuildFile</string>
		</dict>
		<key>180799211CCB0C440039B92E</key>
		<dict>
			<key>fileRef</key>
			<string>180799031CCB0C440039B92E</string>
			<key>isa</key>
			<string>PBXBuildFile</string>
		</dict>
		<key>180799221CCB0C440039B92E</key>
		<dict>
			<key>fileRef</key>
			<string>180799041CCB0C440039B92E</string>
			<key>isa</key>
			<string>PBXBuildFile</string>
		</dict>
		<key>180799231CCB0C440039B92E</key>
		<dict>
			<key>fileRef</key>
			<string>180799051CCB0C440039B92E</string>
			<key>isa</key>
			<string>PBXBuildFile</string>
		</dict>
		<key>180799241CCB0C440039B92E</key>
		<dict>
			<key>fileRef</key>
			<string>180799061CCB0C440039B92E</string>
			<key>isa</key>
			<string>PBXBuildFile</string>
		</dict>
		<key>180799251CCB0C440039B92E</key>
		<dict>
			<key>fileRef</key>
			<string>180799071CCB0C440039B92E</string>
			<key>isa</key>
			<string>PBXBuildFile</string>
		</dict>
		<key>180799261CCB0C440039B92E</key>
		<dict>
			<key>fileRef</key>
			<string>180799081CCB0C440039B92E</string>
			<key>isa</key>
			<string>PBXBuildFile</string>
		</dict>
		<key>180799271CCB0C440039B92E</key>
		<dict>
			<key>fileRef</key>
			<string>180799091CCB0C440039B92E</string>
			<key>isa</key>
			<string>PBXBuildFile</string>
		</dict>
		<key>180799281CCB0C440039B92E</key>
		<dict>
			<key>fileRef</key>
			<string>1807990A1CCB0C440039B92E</string>
			<key>isa</key>
			<string>PBXBuildFile</string>
		</dict>
		<key>180799291CCB0C440039B92E</key>
		<dict>
			<key>fileRef</key>
			<string>1807990B1CCB0C440039B92E</string>
			<key>isa</key>
			<string>PBXBuildFile</string>
		</dict>
		<key>1807992A1CCB0C440039B92E</key>
		<dict>
			<key>fileRef</key>
			<string>1807990C1CCB0C440039B92E</string>
			<key>isa</key>
			<string>PBXBuildFile</string>
		</dict>
		<key>1807992B1CCB0C440039B92E</key>
		<dict>
			<key>fileRef</key>
			<string>1807990D1CCB0C440039B92E</string>
			<key>isa</key>
			<string>PBXBuildFile</string>
		</dict>
		<key>1807992C1CCB0C440039B92E</key>
		<dict>
			<key>fileRef</key>
			<string>1807990E1CCB0C440039B92E</string>
			<key>isa</key>
			<string>PBXBuildFile</string>
		</dict>
		<key>1807992D1CCB0C440039B92E</key>
		<dict>
			<key>fileRef</key>
			<string>1807990F1CCB0C440039B92E</string>
			<key>isa</key>
			<string>PBXBuildFile</string>
		</dict>
		<key>1807992E1CCB0C440039B92E</key>
		<dict>
			<key>fileRef</key>
			<string>180799101CCB0C440039B92E</string>
			<key>isa</key>
			<string>PBXBuildFile</string>
		</dict>
		<key>1807992F1CCB0C440039B92E</key>
		<dict>
			<key>fileRef</key>
			<string>180799111CCB0C440039B92E</string>
			<key>isa</key>
			<string>PBXBuildFile</string>
		</dict>
		<key>180799301CCB0C440039B92E</key>
		<dict>
			<key>fileRef</key>
			<string>180799121CCB0C440039B92E</string>
			<key>isa</key>
			<string>PBXBuildFile</string>
		</dict>
		<key>180799311CCB0C440039B92E</key>
		<dict>
			<key>fileRef</key>
			<string>180799131CCB0C440039B92E</string>
			<key>isa</key>
			<string>PBXBuildFile</string>
		</dict>
		<key>180799321CCB0C440039B92E</key>
		<dict>
			<key>fileRef</key>
			<string>180799141CCB0C440039B92E</string>
			<key>isa</key>
			<string>PBXBuildFile</string>
		</dict>
		<key>180799331CCB0C440039B92E</key>
		<dict>
			<key>fileRef</key>
			<string>180799151CCB0C440039B92E</string>
			<key>isa</key>
			<string>PBXBuildFile</string>
		</dict>
		<key>180799341CCB0C440039B92E</key>
		<dict>
			<key>fileRef</key>
			<string>180799161CCB0C440039B92E</string>
			<key>isa</key>
			<string>PBXBuildFile</string>
		</dict>
		<key>1871815C1CCB0EC90092F755</key>
		<dict>
			<key>isa</key>
			<string>PBXFileReference</string>
			<key>lastKnownFileType</key>
			<string>image.png</string>
			<key>path</key>
			<string>navigation3.png</string>
			<key>sourceTree</key>
			<string>&lt;group&gt;</string>
		</dict>
		<key>1871815D1CCB0EC90092F755</key>
		<dict>
			<key>fileRef</key>
			<string>1871815C1CCB0EC90092F755</string>
			<key>isa</key>
			<string>PBXBuildFile</string>
		</dict>
		<key>187181611CCB10CF0092F755</key>
		<dict>
			<key>fileEncoding</key>
			<string>4</string>
			<key>isa</key>
			<string>PBXFileReference</string>
			<key>lastKnownFileType</key>
			<string>sourcecode.c.h</string>
			<key>path</key>
			<string>BYSplashViewController.h</string>
			<key>sourceTree</key>
			<string>&lt;group&gt;</string>
		</dict>
		<key>187181621CCB10CF0092F755</key>
		<dict>
			<key>fileEncoding</key>
			<string>4</string>
			<key>isa</key>
			<string>PBXFileReference</string>
			<key>lastKnownFileType</key>
			<string>sourcecode.c.objc</string>
			<key>path</key>
			<string>BYSplashViewController.m</string>
			<key>sourceTree</key>
			<string>&lt;group&gt;</string>
		</dict>
		<key>187181631CCB10CF0092F755</key>
		<dict>
			<key>fileEncoding</key>
			<string>4</string>
			<key>isa</key>
			<string>PBXFileReference</string>
			<key>lastKnownFileType</key>
			<string>file.xib</string>
			<key>path</key>
			<string>BYSplashViewController.xib</string>
			<key>sourceTree</key>
			<string>&lt;group&gt;</string>
		</dict>
		<key>187181641CCB10CF0092F755</key>
		<dict>
			<key>fileRef</key>
			<string>187181621CCB10CF0092F755</string>
			<key>isa</key>
			<string>PBXBuildFile</string>
		</dict>
		<key>187181651CCB10CF0092F755</key>
		<dict>
			<key>fileRef</key>
			<string>187181631CCB10CF0092F755</string>
			<key>isa</key>
			<string>PBXBuildFile</string>
		</dict>
		<key>187181661CCB10E90092F755</key>
		<dict>
			<key>fileEncoding</key>
			<string>4</string>
			<key>isa</key>
			<string>PBXFileReference</string>
			<key>lastKnownFileType</key>
			<string>sourcecode.c.h</string>
			<key>path</key>
			<string>BYHomeViewController.h</string>
			<key>sourceTree</key>
			<string>&lt;group&gt;</string>
		</dict>
		<key>187181671CCB10E90092F755</key>
		<dict>
			<key>fileEncoding</key>
			<string>4</string>
			<key>isa</key>
			<string>PBXFileReference</string>
			<key>lastKnownFileType</key>
			<string>sourcecode.c.objc</string>
			<key>path</key>
			<string>BYHomeViewController.m</string>
			<key>sourceTree</key>
			<string>&lt;group&gt;</string>
		</dict>
		<key>187181681CCB10E90092F755</key>
		<dict>
			<key>fileEncoding</key>
			<string>4</string>
			<key>isa</key>
			<string>PBXFileReference</string>
			<key>lastKnownFileType</key>
			<string>file.xib</string>
			<key>path</key>
			<string>BYHomeViewController.xib</string>
			<key>sourceTree</key>
			<string>&lt;group&gt;</string>
		</dict>
		<key>187181691CCB10E90092F755</key>
		<dict>
			<key>fileRef</key>
			<string>187181671CCB10E90092F755</string>
			<key>isa</key>
			<string>PBXBuildFile</string>
		</dict>
		<key>1871816A1CCB10E90092F755</key>
		<dict>
			<key>fileRef</key>
			<string>187181681CCB10E90092F755</string>
			<key>isa</key>
			<string>PBXBuildFile</string>
		</dict>
		<key>1871816B1CCB10FD0092F755</key>
		<dict>
			<key>fileEncoding</key>
			<string>4</string>
			<key>isa</key>
			<string>PBXFileReference</string>
			<key>lastKnownFileType</key>
			<string>sourcecode.c.h</string>
			<key>path</key>
			<string>BYSpecialViewController.h</string>
			<key>sourceTree</key>
			<string>&lt;group&gt;</string>
		</dict>
		<key>1871816C1CCB10FD0092F755</key>
		<dict>
			<key>fileEncoding</key>
			<string>4</string>
			<key>isa</key>
			<string>PBXFileReference</string>
			<key>lastKnownFileType</key>
			<string>sourcecode.c.objc</string>
			<key>path</key>
			<string>BYSpecialViewController.m</string>
			<key>sourceTree</key>
			<string>&lt;group&gt;</string>
		</dict>
		<key>1871816D1CCB10FD0092F755</key>
		<dict>
			<key>fileEncoding</key>
			<string>4</string>
			<key>isa</key>
			<string>PBXFileReference</string>
			<key>lastKnownFileType</key>
			<string>file.xib</string>
			<key>path</key>
			<string>BYSpecialViewController.xib</string>
			<key>sourceTree</key>
			<string>&lt;group&gt;</string>
		</dict>
		<key>1871816E1CCB10FD0092F755</key>
		<dict>
			<key>fileRef</key>
			<string>1871816C1CCB10FD0092F755</string>
			<key>isa</key>
			<string>PBXBuildFile</string>
		</dict>
		<key>1871816F1CCB10FD0092F755</key>
		<dict>
			<key>fileRef</key>
			<string>1871816D1CCB10FD0092F755</string>
			<key>isa</key>
			<string>PBXBuildFile</string>
		</dict>
		<key>187181701CCB11160092F755</key>
		<dict>
			<key>fileEncoding</key>
			<string>4</string>
			<key>isa</key>
			<string>PBXFileReference</string>
			<key>lastKnownFileType</key>
			<string>sourcecode.c.h</string>
			<key>path</key>
			<string>BYFindViewController.h</string>
			<key>sourceTree</key>
			<string>&lt;group&gt;</string>
		</dict>
		<key>187181711CCB11160092F755</key>
		<dict>
			<key>fileEncoding</key>
			<string>4</string>
			<key>isa</key>
			<string>PBXFileReference</string>
			<key>lastKnownFileType</key>
			<string>sourcecode.c.objc</string>
			<key>path</key>
			<string>BYFindViewController.m</string>
			<key>sourceTree</key>
			<string>&lt;group&gt;</string>
		</dict>
		<key>187181721CCB11160092F755</key>
		<dict>
			<key>fileEncoding</key>
			<string>4</string>
			<key>isa</key>
			<string>PBXFileReference</string>
			<key>lastKnownFileType</key>
			<string>file.xib</string>
			<key>path</key>
			<string>BYFindViewController.xib</string>
			<key>sourceTree</key>
			<string>&lt;group&gt;</string>
		</dict>
		<key>187181731CCB11160092F755</key>
		<dict>
			<key>fileRef</key>
			<string>187181711CCB11160092F755</string>
			<key>isa</key>
			<string>PBXBuildFile</string>
		</dict>
		<key>187181741CCB11160092F755</key>
		<dict>
			<key>fileRef</key>
			<string>187181721CCB11160092F755</string>
			<key>isa</key>
			<string>PBXBuildFile</string>
		</dict>
		<key>187181751CCB112C0092F755</key>
		<dict>
			<key>fileEncoding</key>
			<string>4</string>
			<key>isa</key>
			<string>PBXFileReference</string>
			<key>lastKnownFileType</key>
			<string>sourcecode.c.h</string>
			<key>path</key>
			<string>BYFavouredTourViewController.h</string>
			<key>sourceTree</key>
			<string>&lt;group&gt;</string>
		</dict>
		<key>187181761CCB112C0092F755</key>
		<dict>
			<key>fileEncoding</key>
			<string>4</string>
			<key>isa</key>
			<string>PBXFileReference</string>
			<key>lastKnownFileType</key>
			<string>sourcecode.c.objc</string>
			<key>path</key>
			<string>BYFavouredTourViewController.m</string>
			<key>sourceTree</key>
			<string>&lt;group&gt;</string>
		</dict>
		<key>187181771CCB112C0092F755</key>
		<dict>
			<key>fileEncoding</key>
			<string>4</string>
			<key>isa</key>
			<string>PBXFileReference</string>
			<key>lastKnownFileType</key>
			<string>file.xib</string>
			<key>path</key>
			<string>BYFavouredTourViewController.xib</string>
			<key>sourceTree</key>
			<string>&lt;group&gt;</string>
		</dict>
		<key>187181781CCB112C0092F755</key>
		<dict>
			<key>fileRef</key>
			<string>187181761CCB112C0092F755</string>
			<key>isa</key>
			<string>PBXBuildFile</string>
		</dict>
		<key>187181791CCB112C0092F755</key>
		<dict>
			<key>fileRef</key>
			<string>187181771CCB112C0092F755</string>
			<key>isa</key>
			<string>PBXBuildFile</string>
		</dict>
		<key>1871817A1CCB113F0092F755</key>
		<dict>
			<key>fileEncoding</key>
			<string>4</string>
			<key>isa</key>
			<string>PBXFileReference</string>
			<key>lastKnownFileType</key>
			<string>sourcecode.c.h</string>
			<key>path</key>
			<string>BYMySettingsViewController.h</string>
			<key>sourceTree</key>
			<string>&lt;group&gt;</string>
		</dict>
		<key>1871817B1CCB113F0092F755</key>
		<dict>
			<key>fileEncoding</key>
			<string>4</string>
			<key>isa</key>
			<string>PBXFileReference</string>
			<key>lastKnownFileType</key>
			<string>sourcecode.c.objc</string>
			<key>path</key>
			<string>BYMySettingsViewController.m</string>
			<key>sourceTree</key>
			<string>&lt;group&gt;</string>
		</dict>
		<key>1871817C1CCB113F0092F755</key>
		<dict>
			<key>fileEncoding</key>
			<string>4</string>
			<key>isa</key>
			<string>PBXFileReference</string>
			<key>lastKnownFileType</key>
			<string>file.xib</string>
			<key>path</key>
			<string>BYMySettingsViewController.xib</string>
			<key>sourceTree</key>
			<string>&lt;group&gt;</string>
		</dict>
		<key>1871817D1CCB113F0092F755</key>
		<dict>
			<key>fileRef</key>
			<string>1871817B1CCB113F0092F755</string>
			<key>isa</key>
			<string>PBXBuildFile</string>
		</dict>
		<key>1871817E1CCB113F0092F755</key>
		<dict>
			<key>fileRef</key>
			<string>1871817C1CCB113F0092F755</string>
			<key>isa</key>
			<string>PBXBuildFile</string>
		</dict>
		<key>1871817F1CCB132D0092F755</key>
		<dict>
			<key>isa</key>
			<string>PBXFileReference</string>
			<key>lastKnownFileType</key>
			<string>image.png</string>
			<key>path</key>
			<string>splash_hd.png</string>
			<key>sourceTree</key>
			<string>&lt;group&gt;</string>
		</dict>
		<key>187181801CCB132D0092F755</key>
		<dict>
			<key>fileRef</key>
			<string>1871817F1CCB132D0092F755</string>
			<key>isa</key>
			<string>PBXBuildFile</string>
		</dict>
		<key>18D0712E1CC9C7FD003C2DF7</key>
		<dict>
			<key>children</key>
			<array>
				<string>18D071391CC9C7FD003C2DF7</string>
				<string>18D071531CC9C7FD003C2DF7</string>
				<string>18D0715E1CC9C7FD003C2DF7</string>
				<string>18D071381CC9C7FD003C2DF7</string>
				<string>2FED0D5401739CC0567C0DA8</string>
				<string>0BD1DBD2C56BD2A0E47CE45A</string>
			</array>
			<key>isa</key>
			<string>PBXGroup</string>
			<key>sourceTree</key>
			<string>&lt;group&gt;</string>
		</dict>
		<key>18D0712F1CC9C7FD003C2DF7</key>
		<dict>
			<key>attributes</key>
			<dict>
				<key>CLASSPREFIX</key>
				<string>BY</string>
				<key>LastUpgradeCheck</key>
				<string>0730</string>
				<key>ORGANIZATIONNAME</key>
				<string>CloudAvant</string>
				<key>TargetAttributes</key>
				<dict>
					<key>18D071361CC9C7FD003C2DF7</key>
					<dict>
						<key>CreatedOnToolsVersion</key>
						<string>7.3</string>
						<key>DevelopmentTeam</key>
						<string>GCQX5MJCYC</string>
					</dict>
					<key>18D0714F1CC9C7FD003C2DF7</key>
					<dict>
						<key>CreatedOnToolsVersion</key>
						<string>7.3</string>
						<key>DevelopmentTeam</key>
						<string>GCQX5MJCYC</string>
						<key>TestTargetID</key>
						<string>18D071361CC9C7FD003C2DF7</string>
					</dict>
					<key>18D0715A1CC9C7FD003C2DF7</key>
					<dict>
						<key>CreatedOnToolsVersion</key>
						<string>7.3</string>
						<key>DevelopmentTeam</key>
						<string>GCQX5MJCYC</string>
						<key>TestTargetID</key>
						<string>18D071361CC9C7FD003C2DF7</string>
					</dict>
				</dict>
			</dict>
			<key>buildConfigurationList</key>
			<string>18D071321CC9C7FD003C2DF7</string>
			<key>compatibilityVersion</key>
			<string>Xcode 3.2</string>
			<key>developmentRegion</key>
			<string>English</string>
			<key>hasScannedForEncodings</key>
			<string>0</string>
			<key>isa</key>
			<string>PBXProject</string>
			<key>knownRegions</key>
			<array>
				<string>en</string>
				<string>Base</string>
			</array>
			<key>mainGroup</key>
			<string>18D0712E1CC9C7FD003C2DF7</string>
			<key>productRefGroup</key>
			<string>18D071381CC9C7FD003C2DF7</string>
			<key>projectDirPath</key>
			<string></string>
			<key>projectReferences</key>
			<array/>
			<key>projectRoot</key>
			<string></string>
			<key>targets</key>
			<array>
				<string>18D071361CC9C7FD003C2DF7</string>
				<string>18D0714F1CC9C7FD003C2DF7</string>
				<string>18D0715A1CC9C7FD003C2DF7</string>
			</array>
		</dict>
		<key>18D071321CC9C7FD003C2DF7</key>
		<dict>
			<key>buildConfigurations</key>
			<array>
				<string>18D071621CC9C7FD003C2DF7</string>
				<string>18D071631CC9C7FD003C2DF7</string>
			</array>
			<key>defaultConfigurationIsVisible</key>
			<string>0</string>
			<key>defaultConfigurationName</key>
			<string>Release</string>
			<key>isa</key>
			<string>XCConfigurationList</string>
		</dict>
		<key>18D071331CC9C7FD003C2DF7</key>
		<dict>
			<key>buildActionMask</key>
			<string>2147483647</string>
			<key>files</key>
			<array>
				<string>187181731CCB11160092F755</string>
				<string>187181641CCB10CF0092F755</string>
				<string>18D071BD1CC9CC63003C2DF7</string>
				<string>18D0713F1CC9C7FD003C2DF7</string>
				<string>1871817D1CCB113F0092F755</string>
				<string>18D071BA1CC9CBF5003C2DF7</string>
				<string>187181691CCB10E90092F755</string>
				<string>18D0713C1CC9C7FD003C2DF7</string>
				<string>18D071B71CC9CB24003C2DF7</string>
				<string>18D0720C1CCA203E003C2DF7</string>
				<string>187181781CCB112C0092F755</string>
				<string>1871816E1CCB10FD0092F755</string>
			</array>
			<key>isa</key>
			<string>PBXSourcesBuildPhase</string>
			<key>runOnlyForDeploymentPostprocessing</key>
			<string>0</string>
		</dict>
		<key>18D071341CC9C7FD003C2DF7</key>
		<dict>
			<key>buildActionMask</key>
			<string>2147483647</string>
			<key>files</key>
			<array>
				<string>17E06D34C9E63234BBE6E2F0</string>
			</array>
			<key>isa</key>
			<string>PBXFrameworksBuildPhase</string>
			<key>runOnlyForDeploymentPostprocessing</key>
			<string>0</string>
		</dict>
		<key>18D071351CC9C7FD003C2DF7</key>
		<dict>
			<key>buildActionMask</key>
			<string>2147483647</string>
			<key>files</key>
			<array>
				<string>1871817E1CCB113F0092F755</string>
				<string>180799181CCB0C440039B92E</string>
				<string>180799191CCB0C440039B92E</string>
				<string>187181741CCB11160092F755</string>
				<string>1807992D1CCB0C440039B92E</string>
				<string>18D071F31CCA0895003C2DF7</string>
				<string>180799331CCB0C440039B92E</string>
				<string>18D0714A1CC9C7FD003C2DF7</string>
				<string>180799241CCB0C440039B92E</string>
				<string>180799171CCB0C440039B92E</string>
				<string>18D072071CCA08D8003C2DF7</string>
				<string>18D071471CC9C7FD003C2DF7</string>
				<string>180799311CCB0C440039B92E</string>
				<string>180799231CCB0C440039B92E</string>
				<string>1807991D1CCB0C440039B92E</string>
				<string>180799201CCB0C440039B92E</string>
				<string>180799291CCB0C440039B92E</string>
				<string>18D072041CCA08D8003C2DF7</string>
				<string>1807992F1CCB0C440039B92E</string>
				<string>180799281CCB0C440039B92E</string>
				<string>180799321CCB0C440039B92E</string>
				<string>18D071451CC9C7FD003C2DF7</string>
				<string>187181651CCB10CF0092F755</string>
				<string>1807992E1CCB0C440039B92E</string>
				<string>180799341CCB0C440039B92E</string>
				<string>1807991F1CCB0C440039B92E</string>
				<string>1871815D1CCB0EC90092F755</string>
				<string>1871816A1CCB10E90092F755</string>
				<string>1807992A1CCB0C440039B92E</string>
				<string>18D072051CCA08D8003C2DF7</string>
				<string>187181801CCB132D0092F755</string>
				<string>180799271CCB0C440039B92E</string>
				<string>1807991A1CCB0C440039B92E</string>
				<string>18D071F01CCA0895003C2DF7</string>
				<string>18D071F11CCA0895003C2DF7</string>
				<string>180799261CCB0C440039B92E</string>
				<string>187181791CCB112C0092F755</string>
				<string>180799211CCB0C440039B92E</string>
				<string>1807991B1CCB0C440039B92E</string>
				<string>18D072091CCA1057003C2DF7</string>
				<string>1807992C1CCB0C440039B92E</string>
				<string>1807992B1CCB0C440039B92E</string>
				<string>180799301CCB0C440039B92E</string>
				<string>18D072061CCA08D8003C2DF7</string>
				<string>180799221CCB0C440039B92E</string>
				<string>1807991E1CCB0C440039B92E</string>
				<string>1807991C1CCB0C440039B92E</string>
				<string>1871816F1CCB10FD0092F755</string>
				<string>180799251CCB0C440039B92E</string>
				<string>18D071F21CCA0895003C2DF7</string>
			</array>
			<key>isa</key>
			<string>PBXResourcesBuildPhase</string>
			<key>runOnlyForDeploymentPostprocessing</key>
			<string>0</string>
		</dict>
		<key>18D071361CC9C7FD003C2DF7</key>
		<dict>
			<key>buildConfigurationList</key>
			<string>18D071641CC9C7FD003C2DF7</string>
			<key>buildPhases</key>
			<array>
				<string>B4E2BF8C8227CCDA14447E60</string>
				<string>18D071331CC9C7FD003C2DF7</string>
				<string>18D071341CC9C7FD003C2DF7</string>
				<string>18D071351CC9C7FD003C2DF7</string>
				<string>374C2433BA42F05F5682BE70</string>
				<string>4959366D75D6DC06FFF9D2F5</string>
			</array>
			<key>buildRules</key>
			<array/>
			<key>dependencies</key>
			<array/>
			<key>isa</key>
			<string>PBXNativeTarget</string>
			<key>name</key>
			<string>Escort</string>
			<key>productName</key>
			<string>Escort</string>
			<key>productReference</key>
			<string>18D071371CC9C7FD003C2DF7</string>
			<key>productType</key>
			<string>com.apple.product-type.application</string>
		</dict>
		<key>18D071371CC9C7FD003C2DF7</key>
		<dict>
			<key>explicitFileType</key>
			<string>wrapper.application</string>
			<key>includeInIndex</key>
			<string>0</string>
			<key>isa</key>
			<string>PBXFileReference</string>
			<key>path</key>
			<string>Escort.app</string>
			<key>sourceTree</key>
			<string>BUILT_PRODUCTS_DIR</string>
		</dict>
		<key>18D071381CC9C7FD003C2DF7</key>
		<dict>
			<key>children</key>
			<array>
				<string>18D071371CC9C7FD003C2DF7</string>
				<string>18D071501CC9C7FD003C2DF7</string>
				<string>18D0715B1CC9C7FD003C2DF7</string>
			</array>
			<key>isa</key>
			<string>PBXGroup</string>
			<key>name</key>
			<string>Products</string>
			<key>sourceTree</key>
			<string>&lt;group&gt;</string>
		</dict>
		<key>18D071391CC9C7FD003C2DF7</key>
		<dict>
			<key>children</key>
			<array>
				<string>18D071AA1CC9C8CA003C2DF7</string>
				<string>18D0718E1CC9C8C2003C2DF7</string>
				<string>18D071811CC9C8C2003C2DF7</string>
				<string>18D0717B1CC9C8C2003C2DF7</string>
				<string>18D0717E1CC9C8C2003C2DF7</string>
				<string>18D071781CC9C8C2003C2DF7</string>
				<string>18D071431CC9C7FD003C2DF7</string>
				<string>18D071461CC9C7FD003C2DF7</string>
				<string>18D071481CC9C7FD003C2DF7</string>
				<string>18D0713A1CC9C7FD003C2DF7</string>
			</array>
			<key>isa</key>
			<string>PBXGroup</string>
			<key>path</key>
			<string>Escort</string>
			<key>sourceTree</key>
			<string>&lt;group&gt;</string>
		</dict>
		<key>18D0713A1CC9C7FD003C2DF7</key>
		<dict>
			<key>children</key>
			<array>
				<string>18D0714B1CC9C7FD003C2DF7</string>
				<string>18D0713B1CC9C7FD003C2DF7</string>
			</array>
			<key>isa</key>
			<string>PBXGroup</string>
			<key>name</key>
			<string>Supporting Files</string>
			<key>sourceTree</key>
			<string>&lt;group&gt;</string>
		</dict>
		<key>18D0713B1CC9C7FD003C2DF7</key>
		<dict>
			<key>isa</key>
			<string>PBXFileReference</string>
			<key>lastKnownFileType</key>
			<string>sourcecode.c.objc</string>
			<key>path</key>
			<string>main.m</string>
			<key>sourceTree</key>
			<string>&lt;group&gt;</string>
		</dict>
		<key>18D0713C1CC9C7FD003C2DF7</key>
		<dict>
			<key>fileRef</key>
			<string>18D0713B1CC9C7FD003C2DF7</string>
			<key>isa</key>
			<string>PBXBuildFile</string>
		</dict>
		<key>18D0713D1CC9C7FD003C2DF7</key>
		<dict>
			<key>isa</key>
			<string>PBXFileReference</string>
			<key>lastKnownFileType</key>
			<string>sourcecode.c.h</string>
			<key>path</key>
			<string>AppDelegate.h</string>
			<key>sourceTree</key>
			<string>&lt;group&gt;</string>
		</dict>
		<key>18D0713E1CC9C7FD003C2DF7</key>
		<dict>
			<key>isa</key>
			<string>PBXFileReference</string>
			<key>lastKnownFileType</key>
			<string>sourcecode.c.objc</string>
			<key>path</key>
			<string>AppDelegate.m</string>
			<key>sourceTree</key>
			<string>&lt;group&gt;</string>
		</dict>
		<key>18D0713F1CC9C7FD003C2DF7</key>
		<dict>
			<key>fileRef</key>
			<string>18D0713E1CC9C7FD003C2DF7</string>
			<key>isa</key>
			<string>PBXBuildFile</string>
		</dict>
		<key>18D071431CC9C7FD003C2DF7</key>
		<dict>
			<key>children</key>
			<array>
				<string>18D071441CC9C7FD003C2DF7</string>
			</array>
			<key>isa</key>
			<string>PBXVariantGroup</string>
			<key>name</key>
			<string>Main.storyboard</string>
			<key>sourceTree</key>
			<string>&lt;group&gt;</string>
		</dict>
		<key>18D071441CC9C7FD003C2DF7</key>
		<dict>
			<key>isa</key>
			<string>PBXFileReference</string>
			<key>lastKnownFileType</key>
			<string>file.storyboard</string>
			<key>name</key>
			<string>Base</string>
			<key>path</key>
			<string>Base.lproj/Main.storyboard</string>
			<key>sourceTree</key>
			<string>&lt;group&gt;</string>
		</dict>
		<key>18D071451CC9C7FD003C2DF7</key>
		<dict>
			<key>fileRef</key>
			<string>18D071431CC9C7FD003C2DF7</string>
			<key>isa</key>
			<string>PBXBuildFile</string>
		</dict>
		<key>18D071461CC9C7FD003C2DF7</key>
		<dict>
			<key>isa</key>
			<string>PBXFileReference</string>
			<key>lastKnownFileType</key>
			<string>folder.assetcatalog</string>
			<key>path</key>
			<string>Assets.xcassets</string>
			<key>sourceTree</key>
			<string>&lt;group&gt;</string>
		</dict>
		<key>18D071471CC9C7FD003C2DF7</key>
		<dict>
			<key>fileRef</key>
			<string>18D071461CC9C7FD003C2DF7</string>
			<key>isa</key>
			<string>PBXBuildFile</string>
		</dict>
		<key>18D071481CC9C7FD003C2DF7</key>
		<dict>
			<key>children</key>
			<array>
				<string>18D071491CC9C7FD003C2DF7</string>
			</array>
			<key>isa</key>
			<string>PBXVariantGroup</string>
			<key>name</key>
			<string>LaunchScreen.storyboard</string>
			<key>sourceTree</key>
			<string>&lt;group&gt;</string>
		</dict>
		<key>18D071491CC9C7FD003C2DF7</key>
		<dict>
			<key>isa</key>
			<string>PBXFileReference</string>
			<key>lastKnownFileType</key>
			<string>file.storyboard</string>
			<key>name</key>
			<string>Base</string>
			<key>path</key>
			<string>Base.lproj/LaunchScreen.storyboard</string>
			<key>sourceTree</key>
			<string>&lt;group&gt;</string>
		</dict>
		<key>18D0714A1CC9C7FD003C2DF7</key>
		<dict>
			<key>fileRef</key>
			<string>18D071481CC9C7FD003C2DF7</string>
			<key>isa</key>
			<string>PBXBuildFile</string>
		</dict>
		<key>18D0714B1CC9C7FD003C2DF7</key>
		<dict>
			<key>isa</key>
			<string>PBXFileReference</string>
			<key>lastKnownFileType</key>
			<string>text.plist.xml</string>
			<key>path</key>
			<string>Info.plist</string>
			<key>sourceTree</key>
			<string>&lt;group&gt;</string>
		</dict>
		<key>18D0714C1CC9C7FD003C2DF7</key>
		<dict>
			<key>buildActionMask</key>
			<string>2147483647</string>
			<key>files</key>
			<array>
				<string>18D071551CC9C7FD003C2DF7</string>
			</array>
			<key>isa</key>
			<string>PBXSourcesBuildPhase</string>
			<key>runOnlyForDeploymentPostprocessing</key>
			<string>0</string>
		</dict>
		<key>18D0714D1CC9C7FD003C2DF7</key>
		<dict>
			<key>buildActionMask</key>
			<string>2147483647</string>
			<key>files</key>
			<array/>
			<key>isa</key>
			<string>PBXFrameworksBuildPhase</string>
			<key>runOnlyForDeploymentPostprocessing</key>
			<string>0</string>
		</dict>
		<key>18D0714E1CC9C7FD003C2DF7</key>
		<dict>
			<key>buildActionMask</key>
			<string>2147483647</string>
			<key>files</key>
			<array/>
			<key>isa</key>
			<string>PBXResourcesBuildPhase</string>
			<key>runOnlyForDeploymentPostprocessing</key>
			<string>0</string>
		</dict>
		<key>18D0714F1CC9C7FD003C2DF7</key>
		<dict>
			<key>buildConfigurationList</key>
			<string>18D071671CC9C7FD003C2DF7</string>
			<key>buildPhases</key>
			<array>
				<string>18D0714C1CC9C7FD003C2DF7</string>
				<string>18D0714D1CC9C7FD003C2DF7</string>
				<string>18D0714E1CC9C7FD003C2DF7</string>
			</array>
			<key>buildRules</key>
			<array/>
			<key>dependencies</key>
			<array>
				<string>18D071521CC9C7FD003C2DF7</string>
			</array>
			<key>isa</key>
			<string>PBXNativeTarget</string>
			<key>name</key>
			<string>EscortTests</string>
			<key>productName</key>
			<string>EscortTests</string>
			<key>productReference</key>
			<string>18D071501CC9C7FD003C2DF7</string>
			<key>productType</key>
			<string>com.apple.product-type.bundle.unit-test</string>
		</dict>
		<key>18D071501CC9C7FD003C2DF7</key>
		<dict>
			<key>explicitFileType</key>
			<string>wrapper.cfbundle</string>
			<key>includeInIndex</key>
			<string>0</string>
			<key>isa</key>
			<string>PBXFileReference</string>
			<key>path</key>
			<string>EscortTests.xctest</string>
			<key>sourceTree</key>
			<string>BUILT_PRODUCTS_DIR</string>
		</dict>
		<key>18D071511CC9C7FD003C2DF7</key>
		<dict>
			<key>containerPortal</key>
			<string>18D0712F1CC9C7FD003C2DF7</string>
			<key>isa</key>
			<string>PBXContainerItemProxy</string>
			<key>proxyType</key>
			<string>1</string>
			<key>remoteGlobalIDString</key>
			<string>18D071361CC9C7FD003C2DF7</string>
			<key>remoteInfo</key>
			<string>Escort</string>
		</dict>
		<key>18D071521CC9C7FD003C2DF7</key>
		<dict>
			<key>isa</key>
			<string>PBXTargetDependency</string>
			<key>target</key>
			<string>18D071361CC9C7FD003C2DF7</string>
			<key>targetProxy</key>
			<string>18D071511CC9C7FD003C2DF7</string>
		</dict>
		<key>18D071531CC9C7FD003C2DF7</key>
		<dict>
			<key>children</key>
			<array>
				<string>18D071541CC9C7FD003C2DF7</string>
				<string>18D071561CC9C7FD003C2DF7</string>
			</array>
			<key>isa</key>
			<string>PBXGroup</string>
			<key>path</key>
			<string>EscortTests</string>
			<key>sourceTree</key>
			<string>&lt;group&gt;</string>
		</dict>
		<key>18D071541CC9C7FD003C2DF7</key>
		<dict>
			<key>isa</key>
			<string>PBXFileReference</string>
			<key>lastKnownFileType</key>
			<string>sourcecode.c.objc</string>
			<key>path</key>
			<string>EscortTests.m</string>
			<key>sourceTree</key>
			<string>&lt;group&gt;</string>
		</dict>
		<key>18D071551CC9C7FD003C2DF7</key>
		<dict>
			<key>fileRef</key>
			<string>18D071541CC9C7FD003C2DF7</string>
			<key>isa</key>
			<string>PBXBuildFile</string>
		</dict>
		<key>18D071561CC9C7FD003C2DF7</key>
		<dict>
			<key>isa</key>
			<string>PBXFileReference</string>
			<key>lastKnownFileType</key>
			<string>text.plist.xml</string>
			<key>path</key>
			<string>Info.plist</string>
			<key>sourceTree</key>
			<string>&lt;group&gt;</string>
		</dict>
		<key>18D071571CC9C7FD003C2DF7</key>
		<dict>
			<key>buildActionMask</key>
			<string>2147483647</string>
			<key>files</key>
			<array>
				<string>18D071601CC9C7FD003C2DF7</string>
			</array>
			<key>isa</key>
			<string>PBXSourcesBuildPhase</string>
			<key>runOnlyForDeploymentPostprocessing</key>
			<string>0</string>
		</dict>
		<key>18D071581CC9C7FD003C2DF7</key>
		<dict>
			<key>buildActionMask</key>
			<string>2147483647</string>
			<key>files</key>
			<array/>
			<key>isa</key>
			<string>PBXFrameworksBuildPhase</string>
			<key>runOnlyForDeploymentPostprocessing</key>
			<string>0</string>
		</dict>
		<key>18D071591CC9C7FD003C2DF7</key>
		<dict>
			<key>buildActionMask</key>
			<string>2147483647</string>
			<key>files</key>
			<array/>
			<key>isa</key>
			<string>PBXResourcesBuildPhase</string>
			<key>runOnlyForDeploymentPostprocessing</key>
			<string>0</string>
		</dict>
		<key>18D0715A1CC9C7FD003C2DF7</key>
		<dict>
			<key>buildConfigurationList</key>
			<string>18D0716A1CC9C7FD003C2DF7</string>
			<key>buildPhases</key>
			<array>
				<string>18D071571CC9C7FD003C2DF7</string>
				<string>18D071581CC9C7FD003C2DF7</string>
				<string>18D071591CC9C7FD003C2DF7</string>
			</array>
			<key>buildRules</key>
			<array/>
			<key>dependencies</key>
			<array>
				<string>18D0715D1CC9C7FD003C2DF7</string>
			</array>
			<key>isa</key>
			<string>PBXNativeTarget</string>
			<key>name</key>
			<string>EscortUITests</string>
			<key>productName</key>
			<string>EscortUITests</string>
			<key>productReference</key>
			<string>18D0715B1CC9C7FD003C2DF7</string>
			<key>productType</key>
			<string>com.apple.product-type.bundle.ui-testing</string>
		</dict>
		<key>18D0715B1CC9C7FD003C2DF7</key>
		<dict>
			<key>explicitFileType</key>
			<string>wrapper.cfbundle</string>
			<key>includeInIndex</key>
			<string>0</string>
			<key>isa</key>
			<string>PBXFileReference</string>
			<key>path</key>
			<string>EscortUITests.xctest</string>
			<key>sourceTree</key>
			<string>BUILT_PRODUCTS_DIR</string>
		</dict>
		<key>18D0715C1CC9C7FD003C2DF7</key>
		<dict>
			<key>containerPortal</key>
			<string>18D0712F1CC9C7FD003C2DF7</string>
			<key>isa</key>
			<string>PBXContainerItemProxy</string>
			<key>proxyType</key>
			<string>1</string>
			<key>remoteGlobalIDString</key>
			<string>18D071361CC9C7FD003C2DF7</string>
			<key>remoteInfo</key>
			<string>Escort</string>
		</dict>
		<key>18D0715D1CC9C7FD003C2DF7</key>
		<dict>
			<key>isa</key>
			<string>PBXTargetDependency</string>
			<key>target</key>
			<string>18D071361CC9C7FD003C2DF7</string>
			<key>targetProxy</key>
			<string>18D0715C1CC9C7FD003C2DF7</string>
		</dict>
		<key>18D0715E1CC9C7FD003C2DF7</key>
		<dict>
			<key>children</key>
			<array>
				<string>18D0715F1CC9C7FD003C2DF7</string>
				<string>18D071611CC9C7FD003C2DF7</string>
			</array>
			<key>isa</key>
			<string>PBXGroup</string>
			<key>path</key>
			<string>EscortUITests</string>
			<key>sourceTree</key>
			<string>&lt;group&gt;</string>
		</dict>
		<key>18D0715F1CC9C7FD003C2DF7</key>
		<dict>
			<key>isa</key>
			<string>PBXFileReference</string>
			<key>lastKnownFileType</key>
			<string>sourcecode.c.objc</string>
			<key>path</key>
			<string>EscortUITests.m</string>
			<key>sourceTree</key>
			<string>&lt;group&gt;</string>
		</dict>
		<key>18D071601CC9C7FD003C2DF7</key>
		<dict>
			<key>fileRef</key>
			<string>18D0715F1CC9C7FD003C2DF7</string>
			<key>isa</key>
			<string>PBXBuildFile</string>
		</dict>
		<key>18D071611CC9C7FD003C2DF7</key>
		<dict>
			<key>isa</key>
			<string>PBXFileReference</string>
			<key>lastKnownFileType</key>
			<string>text.plist.xml</string>
			<key>path</key>
			<string>Info.plist</string>
			<key>sourceTree</key>
			<string>&lt;group&gt;</string>
		</dict>
		<key>18D071621CC9C7FD003C2DF7</key>
		<dict>
			<key>buildSettings</key>
			<dict>
				<key>ALWAYS_SEARCH_USER_PATHS</key>
				<string>NO</string>
				<key>CLANG_ANALYZER_NONNULL</key>
				<string>YES</string>
				<key>CLANG_CXX_LANGUAGE_STANDARD</key>
				<string>gnu++0x</string>
				<key>CLANG_CXX_LIBRARY</key>
				<string>libc++</string>
				<key>CLANG_ENABLE_MODULES</key>
				<string>YES</string>
				<key>CLANG_ENABLE_OBJC_ARC</key>
				<string>YES</string>
				<key>CLANG_WARN_BOOL_CONVERSION</key>
				<string>YES</string>
				<key>CLANG_WARN_CONSTANT_CONVERSION</key>
				<string>YES</string>
				<key>CLANG_WARN_DIRECT_OBJC_ISA_USAGE</key>
				<string>YES_ERROR</string>
				<key>CLANG_WARN_EMPTY_BODY</key>
				<string>YES</string>
				<key>CLANG_WARN_ENUM_CONVERSION</key>
				<string>YES</string>
				<key>CLANG_WARN_INT_CONVERSION</key>
				<string>YES</string>
				<key>CLANG_WARN_OBJC_ROOT_CLASS</key>
				<string>YES_ERROR</string>
				<key>CLANG_WARN_UNREACHABLE_CODE</key>
				<string>YES</string>
				<key>CLANG_WARN__DUPLICATE_METHOD_MATCH</key>
				<string>YES</string>
				<key>CODE_SIGN_IDENTITY[sdk=iphoneos*]</key>
				<string>iPhone Developer</string>
				<key>COPY_PHASE_STRIP</key>
				<string>NO</string>
				<key>DEBUG_INFORMATION_FORMAT</key>
				<string>dwarf</string>
				<key>ENABLE_STRICT_OBJC_MSGSEND</key>
				<string>YES</string>
				<key>ENABLE_TESTABILITY</key>
				<string>YES</string>
				<key>GCC_C_LANGUAGE_STANDARD</key>
				<string>gnu99</string>
				<key>GCC_DYNAMIC_NO_PIC</key>
				<string>NO</string>
				<key>GCC_NO_COMMON_BLOCKS</key>
				<string>YES</string>
				<key>GCC_OPTIMIZATION_LEVEL</key>
				<string>0</string>
				<key>GCC_PREPROCESSOR_DEFINITIONS</key>
				<array>
					<string>DEBUG=1</string>
					<string>$(inherited)</string>
				</array>
				<key>GCC_WARN_64_TO_32_BIT_CONVERSION</key>
				<string>YES</string>
				<key>GCC_WARN_ABOUT_RETURN_TYPE</key>
				<string>YES_ERROR</string>
				<key>GCC_WARN_UNDECLARED_SELECTOR</key>
				<string>YES</string>
				<key>GCC_WARN_UNINITIALIZED_AUTOS</key>
				<string>YES_AGGRESSIVE</string>
				<key>GCC_WARN_UNUSED_FUNCTION</key>
				<string>YES</string>
				<key>GCC_WARN_UNUSED_VARIABLE</key>
				<string>YES</string>
				<key>IPHONEOS_DEPLOYMENT_TARGET</key>
				<string>9.3</string>
				<key>MTL_ENABLE_DEBUG_INFO</key>
				<string>YES</string>
				<key>ONLY_ACTIVE_ARCH</key>
				<string>YES</string>
				<key>SDKROOT</key>
				<string>iphoneos</string>
				<key>TARGETED_DEVICE_FAMILY</key>
				<string>1,2</string>
			</dict>
			<key>isa</key>
			<string>XCBuildConfiguration</string>
			<key>name</key>
			<string>Debug</string>
		</dict>
		<key>18D071631CC9C7FD003C2DF7</key>
		<dict>
			<key>buildSettings</key>
			<dict>
				<key>ALWAYS_SEARCH_USER_PATHS</key>
				<string>NO</string>
				<key>CLANG_ANALYZER_NONNULL</key>
				<string>YES</string>
				<key>CLANG_CXX_LANGUAGE_STANDARD</key>
				<string>gnu++0x</string>
				<key>CLANG_CXX_LIBRARY</key>
				<string>libc++</string>
				<key>CLANG_ENABLE_MODULES</key>
				<string>YES</string>
				<key>CLANG_ENABLE_OBJC_ARC</key>
				<string>YES</string>
				<key>CLANG_WARN_BOOL_CONVERSION</key>
				<string>YES</string>
				<key>CLANG_WARN_CONSTANT_CONVERSION</key>
				<string>YES</string>
				<key>CLANG_WARN_DIRECT_OBJC_ISA_USAGE</key>
				<string>YES_ERROR</string>
				<key>CLANG_WARN_EMPTY_BODY</key>
				<string>YES</string>
				<key>CLANG_WARN_ENUM_CONVERSION</key>
				<string>YES</string>
				<key>CLANG_WARN_INT_CONVERSION</key>
				<string>YES</string>
				<key>CLANG_WARN_OBJC_ROOT_CLASS</key>
				<string>YES_ERROR</string>
				<key>CLANG_WARN_UNREACHABLE_CODE</key>
				<string>YES</string>
				<key>CLANG_WARN__DUPLICATE_METHOD_MATCH</key>
				<string>YES</string>
				<key>CODE_SIGN_IDENTITY[sdk=iphoneos*]</key>
				<string>iPhone Developer</string>
				<key>COPY_PHASE_STRIP</key>
				<string>NO</string>
				<key>DEBUG_INFORMATION_FORMAT</key>
				<string>dwarf-with-dsym</string>
				<key>ENABLE_NS_ASSERTIONS</key>
				<string>NO</string>
				<key>ENABLE_STRICT_OBJC_MSGSEND</key>
				<string>YES</string>
				<key>GCC_C_LANGUAGE_STANDARD</key>
				<string>gnu99</string>
				<key>GCC_NO_COMMON_BLOCKS</key>
				<string>YES</string>
				<key>GCC_WARN_64_TO_32_BIT_CONVERSION</key>
				<string>YES</string>
				<key>GCC_WARN_ABOUT_RETURN_TYPE</key>
				<string>YES_ERROR</string>
				<key>GCC_WARN_UNDECLARED_SELECTOR</key>
				<string>YES</string>
				<key>GCC_WARN_UNINITIALIZED_AUTOS</key>
				<string>YES_AGGRESSIVE</string>
				<key>GCC_WARN_UNUSED_FUNCTION</key>
				<string>YES</string>
				<key>GCC_WARN_UNUSED_VARIABLE</key>
				<string>YES</string>
				<key>IPHONEOS_DEPLOYMENT_TARGET</key>
				<string>9.3</string>
				<key>MTL_ENABLE_DEBUG_INFO</key>
				<string>NO</string>
				<key>SDKROOT</key>
				<string>iphoneos</string>
				<key>TARGETED_DEVICE_FAMILY</key>
				<string>1,2</string>
				<key>VALIDATE_PRODUCT</key>
				<string>YES</string>
			</dict>
			<key>isa</key>
			<string>XCBuildConfiguration</string>
			<key>name</key>
			<string>Release</string>
		</dict>
		<key>18D071641CC9C7FD003C2DF7</key>
		<dict>
			<key>buildConfigurations</key>
			<array>
				<string>18D071651CC9C7FD003C2DF7</string>
				<string>18D071661CC9C7FD003C2DF7</string>
			</array>
			<key>defaultConfigurationIsVisible</key>
			<string>0</string>
			<key>defaultConfigurationName</key>
			<string>Release</string>
			<key>isa</key>
			<string>XCConfigurationList</string>
		</dict>
		<key>18D071651CC9C7FD003C2DF7</key>
		<dict>
			<key>baseConfigurationReference</key>
			<string>E8EFFF07C621C4401F7FA712</string>
			<key>buildSettings</key>
			<dict>
				<key>ASSETCATALOG_COMPILER_APPICON_NAME</key>
				<string>AppIcon</string>
				<key>INFOPLIST_FILE</key>
				<string>Escort/Info.plist</string>
				<key>IPHONEOS_DEPLOYMENT_TARGET</key>
				<string>7.0</string>
				<key>LD_RUNPATH_SEARCH_PATHS</key>
				<string>$(inherited) @executable_path/Frameworks</string>
				<key>PRODUCT_BUNDLE_IDENTIFIER</key>
				<string>com.CloudAvant.Escort</string>
				<key>PRODUCT_NAME</key>
				<string>$(TARGET_NAME)</string>
			</dict>
			<key>isa</key>
			<string>XCBuildConfiguration</string>
			<key>name</key>
			<string>Debug</string>
		</dict>
		<key>18D071661CC9C7FD003C2DF7</key>
		<dict>
			<key>baseConfigurationReference</key>
			<string>62683D702751AD72E0850426</string>
			<key>buildSettings</key>
			<dict>
				<key>ASSETCATALOG_COMPILER_APPICON_NAME</key>
				<string>AppIcon</string>
				<key>INFOPLIST_FILE</key>
				<string>Escort/Info.plist</string>
				<key>IPHONEOS_DEPLOYMENT_TARGET</key>
				<string>7.0</string>
				<key>LD_RUNPATH_SEARCH_PATHS</key>
				<string>$(inherited) @executable_path/Frameworks</string>
				<key>PRODUCT_BUNDLE_IDENTIFIER</key>
				<string>com.CloudAvant.Escort</string>
				<key>PRODUCT_NAME</key>
				<string>$(TARGET_NAME)</string>
			</dict>
			<key>isa</key>
			<string>XCBuildConfiguration</string>
			<key>name</key>
			<string>Release</string>
		</dict>
		<key>18D071671CC9C7FD003C2DF7</key>
		<dict>
			<key>buildConfigurations</key>
			<array>
				<string>18D071681CC9C7FD003C2DF7</string>
				<string>18D071691CC9C7FD003C2DF7</string>
			</array>
			<key>defaultConfigurationIsVisible</key>
			<string>0</string>
			<key>defaultConfigurationName</key>
			<string>Release</string>
			<key>isa</key>
			<string>XCConfigurationList</string>
		</dict>
		<key>18D071681CC9C7FD003C2DF7</key>
		<dict>
			<key>buildSettings</key>
			<dict>
				<key>BUNDLE_LOADER</key>
				<string>$(TEST_HOST)</string>
				<key>INFOPLIST_FILE</key>
				<string>EscortTests/Info.plist</string>
				<key>LD_RUNPATH_SEARCH_PATHS</key>
				<string>$(inherited) @executable_path/Frameworks @loader_path/Frameworks</string>
				<key>PRODUCT_BUNDLE_IDENTIFIER</key>
				<string>com.CloudAvant.EscortTests</string>
				<key>PRODUCT_NAME</key>
				<string>$(TARGET_NAME)</string>
				<key>TEST_HOST</key>
				<string>$(BUILT_PRODUCTS_DIR)/Escort.app/Escort</string>
			</dict>
			<key>isa</key>
			<string>XCBuildConfiguration</string>
			<key>name</key>
			<string>Debug</string>
		</dict>
		<key>18D071691CC9C7FD003C2DF7</key>
		<dict>
			<key>buildSettings</key>
			<dict>
				<key>BUNDLE_LOADER</key>
				<string>$(TEST_HOST)</string>
				<key>INFOPLIST_FILE</key>
				<string>EscortTests/Info.plist</string>
				<key>LD_RUNPATH_SEARCH_PATHS</key>
				<string>$(inherited) @executable_path/Frameworks @loader_path/Frameworks</string>
				<key>PRODUCT_BUNDLE_IDENTIFIER</key>
				<string>com.CloudAvant.EscortTests</string>
				<key>PRODUCT_NAME</key>
				<string>$(TARGET_NAME)</string>
				<key>TEST_HOST</key>
				<string>$(BUILT_PRODUCTS_DIR)/Escort.app/Escort</string>
			</dict>
			<key>isa</key>
			<string>XCBuildConfiguration</string>
			<key>name</key>
			<string>Release</string>
		</dict>
		<key>18D0716A1CC9C7FD003C2DF7</key>
		<dict>
			<key>buildConfigurations</key>
			<array>
				<string>18D0716B1CC9C7FD003C2DF7</string>
				<string>18D0716C1CC9C7FD003C2DF7</string>
			</array>
			<key>defaultConfigurationIsVisible</key>
			<string>0</string>
			<key>defaultConfigurationName</key>
			<string>Release</string>
			<key>isa</key>
			<string>XCConfigurationList</string>
		</dict>
		<key>18D0716B1CC9C7FD003C2DF7</key>
		<dict>
			<key>buildSettings</key>
			<dict>
				<key>INFOPLIST_FILE</key>
				<string>EscortUITests/Info.plist</string>
				<key>LD_RUNPATH_SEARCH_PATHS</key>
				<string>$(inherited) @executable_path/Frameworks @loader_path/Frameworks</string>
				<key>PRODUCT_BUNDLE_IDENTIFIER</key>
				<string>com.CloudAvant.EscortUITests</string>
				<key>PRODUCT_NAME</key>
				<string>$(TARGET_NAME)</string>
				<key>TEST_TARGET_NAME</key>
				<string>Escort</string>
			</dict>
			<key>isa</key>
			<string>XCBuildConfiguration</string>
			<key>name</key>
			<string>Debug</string>
		</dict>
		<key>18D0716C1CC9C7FD003C2DF7</key>
		<dict>
			<key>buildSettings</key>
			<dict>
				<key>INFOPLIST_FILE</key>
				<string>EscortUITests/Info.plist</string>
				<key>LD_RUNPATH_SEARCH_PATHS</key>
				<string>$(inherited) @executable_path/Frameworks @loader_path/Frameworks</string>
				<key>PRODUCT_BUNDLE_IDENTIFIER</key>
				<string>com.CloudAvant.EscortUITests</string>
				<key>PRODUCT_NAME</key>
				<string>$(TARGET_NAME)</string>
				<key>TEST_TARGET_NAME</key>
				<string>Escort</string>
			</dict>
			<key>isa</key>
			<string>XCBuildConfiguration</string>
			<key>name</key>
			<string>Release</string>
		</dict>
		<key>18D071781CC9C8C2003C2DF7</key>
		<dict>
			<key>children</key>
			<array>
				<string>18D071FF1CCA08D8003C2DF7</string>
				<string>18D071E01CCA0895003C2DF7</string>
			</array>
			<key>isa</key>
			<string>PBXGroup</string>
			<key>path</key>
			<string>Asset</string>
			<key>sourceTree</key>
			<string>&lt;group&gt;</string>
		</dict>
		<key>18D0717B1CC9C8C2003C2DF7</key>
		<dict>
			<key>children</key>
			<array>
				<string>18D071C11CC9F2A7003C2DF7</string>
				<string>18D0720A1CCA203E003C2DF7</string>
				<string>18D0720B1CCA203E003C2DF7</string>
			</array>
			<key>isa</key>
			<string>PBXGroup</string>
			<key>path</key>
			<string>Helper</string>
			<key>sourceTree</key>
			<string>&lt;group&gt;</string>
		</dict>
		<key>18D0717E1CC9C8C2003C2DF7</key>
		<dict>
			<key>children</key>
			<array/>
			<key>isa</key>
			<string>PBXGroup</string>
			<key>path</key>
			<string>Library</string>
			<key>sourceTree</key>
			<string>&lt;group&gt;</string>
		</dict>
		<key>18D071811CC9C8C2003C2DF7</key>
		<dict>
			<key>children</key>
			<array>
				<string>18D071821CC9C8C2003C2DF7</string>
				<string>18D071851CC9C8C2003C2DF7</string>
				<string>18D071881CC9C8C2003C2DF7</string>
				<string>18D0718B1CC9C8C2003C2DF7</string>
			</array>
			<key>isa</key>
			<string>PBXGroup</string>
			<key>path</key>
			<string>Objects</string>
			<key>sourceTree</key>
			<string>&lt;group&gt;</string>
		</dict>
		<key>18D071821CC9C8C2003C2DF7</key>
		<dict>
			<key>children</key>
			<array/>
			<key>isa</key>
			<string>PBXGroup</string>
			<key>path</key>
			<string>EscortPageModels</string>
			<key>sourceTree</key>
			<string>&lt;group&gt;</string>
		</dict>
		<key>18D071851CC9C8C2003C2DF7</key>
		<dict>
			<key>children</key>
			<array/>
			<key>isa</key>
			<string>PBXGroup</string>
			<key>path</key>
			<string>FindPageModels</string>
			<key>sourceTree</key>
			<string>&lt;group&gt;</string>
		</dict>
		<key>18D071881CC9C8C2003C2DF7</key>
		<dict>
			<key>children</key>
			<array/>
			<key>isa</key>
			<string>PBXGroup</string>
			<key>path</key>
			<string>HomePageModels</string>
			<key>sourceTree</key>
			<string>&lt;group&gt;</string>
		</dict>
		<key>18D0718B1CC9C8C2003C2DF7</key>
		<dict>
			<key>children</key>
			<array/>
			<key>isa</key>
			<string>PBXGroup</string>
			<key>path</key>
			<string>SpecialPageModels</string>
			<key>sourceTree</key>
			<string>&lt;group&gt;</string>
		</dict>
		<key>18D0718E1CC9C8C2003C2DF7</key>
		<dict>
			<key>children</key>
			<array>
				<string>18D0718F1CC9C8C2003C2DF7</string>
				<string>18D071921CC9C8C2003C2DF7</string>
				<string>18D0719B1CC9C8C2003C2DF7</string>
				<string>18D071CD1CC9F845003C2DF7</string>
				<string>18D071CF1CC9F845003C2DF7</string>
				<string>18D071CC1CC9F845003C2DF7</string>
				<string>18D071CB1CC9F845003C2DF7</string>
				<string>18D071CE1CC9F845003C2DF7</string>
				<string>18D071951CC9C8C2003C2DF7</string>
				<string>18D071981CC9C8C2003C2DF7</string>
			</array>
			<key>isa</key>
			<string>PBXGroup</string>
			<key>path</key>
			<string>ViewController</string>
			<key>sourceTree</key>
			<string>&lt;group&gt;</string>
		</dict>
		<key>18D0718F1CC9C8C2003C2DF7</key>
		<dict>
			<key>children</key>
			<array>
				<string>18D071B51CC9CB24003C2DF7</string>
				<string>18D071B61CC9CB24003C2DF7</string>
				<string>18D071B81CC9CBF5003C2DF7</string>
				<string>18D071B91CC9CBF5003C2DF7</string>
				<string>18D071BB1CC9CC63003C2DF7</string>
				<string>18D071BC1CC9CC63003C2DF7</string>
			</array>
			<key>isa</key>
			<string>PBXGroup</string>
			<key>path</key>
			<string>BaseVC</string>
			<key>sourceTree</key>
			<string>&lt;group&gt;</string>
		</dict>
		<key>18D071921CC9C8C2003C2DF7</key>
		<dict>
			<key>children</key>
			<array>
				<string>187181611CCB10CF0092F755</string>
				<string>187181621CCB10CF0092F755</string>
				<string>187181631CCB10CF0092F755</string>
			</array>
			<key>isa</key>
			<string>PBXGroup</string>
			<key>path</key>
			<string>IntroView</string>
			<key>sourceTree</key>
			<string>&lt;group&gt;</string>
		</dict>
		<key>18D071951CC9C8C2003C2DF7</key>
		<dict>
			<key>children</key>
			<array/>
			<key>isa</key>
			<string>PBXGroup</string>
			<key>path</key>
			<string>LogIn</string>
			<key>sourceTree</key>
			<string>&lt;group&gt;</string>
		</dict>
		<key>18D071981CC9C8C2003C2DF7</key>
		<dict>
			<key>children</key>
			<array/>
			<key>isa</key>
			<string>PBXGroup</string>
			<key>path</key>
			<string>Others</string>
			<key>sourceTree</key>
			<string>&lt;group&gt;</string>
		</dict>
		<key>18D0719B1CC9C8C2003C2DF7</key>
		<dict>
			<key>children</key>
			<array/>
			<key>isa</key>
			<string>PBXGroup</string>
			<key>path</key>
			<string>SearchVC</string>
			<key>sourceTree</key>
			<string>&lt;group&gt;</string>
		</dict>
		<key>18D071AA1CC9C8CA003C2DF7</key>
		<dict>
			<key>children</key>
			<array>
				<string>18D0713D1CC9C7FD003C2DF7</string>
				<string>18D0713E1CC9C7FD003C2DF7</string>
			</array>
			<key>isa</key>
			<string>PBXGroup</string>
			<key>name</key>
			<string>AppDelegate</string>
			<key>sourceTree</key>
			<string>&lt;group&gt;</string>
		</dict>
		<key>18D071B51CC9CB24003C2DF7</key>
		<dict>
			<key>fileEncoding</key>
			<string>4</string>
			<key>isa</key>
			<string>PBXFileReference</string>
			<key>lastKnownFileType</key>
			<string>sourcecode.c.h</string>
			<key>path</key>
			<string>BYBaseViewController.h</string>
			<key>sourceTree</key>
			<string>&lt;group&gt;</string>
		</dict>
		<key>18D071B61CC9CB24003C2DF7</key>
		<dict>
			<key>fileEncoding</key>
			<string>4</string>
			<key>isa</key>
			<string>PBXFileReference</string>
			<key>lastKnownFileType</key>
			<string>sourcecode.c.objc</string>
			<key>path</key>
			<string>BYBaseViewController.m</string>
			<key>sourceTree</key>
			<string>&lt;group&gt;</string>
		</dict>
		<key>18D071B71CC9CB24003C2DF7</key>
		<dict>
			<key>fileRef</key>
			<string>18D071B61CC9CB24003C2DF7</string>
			<key>isa</key>
			<string>PBXBuildFile</string>
		</dict>
		<key>18D071B81CC9CBF5003C2DF7</key>
		<dict>
			<key>fileEncoding</key>
			<string>4</string>
			<key>isa</key>
			<string>PBXFileReference</string>
			<key>lastKnownFileType</key>
			<string>sourcecode.c.h</string>
			<key>path</key>
			<string>BYCustomNavigation.h</string>
			<key>sourceTree</key>
			<string>&lt;group&gt;</string>
		</dict>
		<key>18D071B91CC9CBF5003C2DF7</key>
		<dict>
			<key>fileEncoding</key>
			<string>4</string>
			<key>isa</key>
			<string>PBXFileReference</string>
			<key>lastKnownFileType</key>
			<string>sourcecode.c.objc</string>
			<key>path</key>
			<string>BYCustomNavigation.m</string>
			<key>sourceTree</key>
			<string>&lt;group&gt;</string>
		</dict>
		<key>18D071BA1CC9CBF5003C2DF7</key>
		<dict>
			<key>fileRef</key>
			<string>18D071B91CC9CBF5003C2DF7</string>
			<key>isa</key>
			<string>PBXBuildFile</string>
		</dict>
		<key>18D071BB1CC9CC63003C2DF7</key>
		<dict>
			<key>fileEncoding</key>
			<string>4</string>
			<key>isa</key>
			<string>PBXFileReference</string>
			<key>lastKnownFileType</key>
			<string>sourcecode.c.h</string>
			<key>path</key>
			<string>BYMainViewController.h</string>
			<key>sourceTree</key>
			<string>&lt;group&gt;</string>
		</dict>
		<key>18D071BC1CC9CC63003C2DF7</key>
		<dict>
			<key>fileEncoding</key>
			<string>4</string>
			<key>isa</key>
			<string>PBXFileReference</string>
			<key>lastKnownFileType</key>
			<string>sourcecode.c.objc</string>
			<key>path</key>
			<string>BYMainViewController.m</string>
			<key>sourceTree</key>
			<string>&lt;group&gt;</string>
		</dict>
		<key>18D071BD1CC9CC63003C2DF7</key>
		<dict>
			<key>fileRef</key>
			<string>18D071BC1CC9CC63003C2DF7</string>
			<key>isa</key>
			<string>PBXBuildFile</string>
		</dict>
		<key>18D071C11CC9F2A7003C2DF7</key>
		<dict>
			<key>isa</key>
			<string>PBXFileReference</string>
			<key>lastKnownFileType</key>
			<string>sourcecode.c.h</string>
			<key>path</key>
			<string>BYDefined.h</string>
			<key>sourceTree</key>
			<string>&lt;group&gt;</string>
		</dict>
		<key>18D071CB1CC9F845003C2DF7</key>
		<dict>
			<key>children</key>
			<array>
				<string>187181751CCB112C0092F755</string>
				<string>187181761CCB112C0092F755</string>
				<string>187181771CCB112C0092F755</string>
			</array>
			<key>isa</key>
			<string>PBXGroup</string>
			<key>path</key>
			<string>FavouredTour</string>
			<key>sourceTree</key>
			<string>&lt;group&gt;</string>
		</dict>
		<key>18D071CC1CC9F845003C2DF7</key>
		<dict>
			<key>children</key>
			<array>
				<string>187181701CCB11160092F755</string>
				<string>187181711CCB11160092F755</string>
				<string>187181721CCB11160092F755</string>
			</array>
			<key>isa</key>
			<string>PBXGroup</string>
			<key>path</key>
			<string>Find</string>
			<key>sourceTree</key>
			<string>&lt;group&gt;</string>
		</dict>
		<key>18D071CD1CC9F845003C2DF7</key>
		<dict>
			<key>children</key>
			<array>
				<string>187181661CCB10E90092F755</string>
				<string>187181671CCB10E90092F755</string>
				<string>187181681CCB10E90092F755</string>
			</array>
			<key>isa</key>
			<string>PBXGroup</string>
			<key>path</key>
			<string>Home</string>
			<key>sourceTree</key>
			<string>&lt;group&gt;</string>
		</dict>
		<key>18D071CE1CC9F845003C2DF7</key>
		<dict>
			<key>children</key>
			<array>
				<string>1871817A1CCB113F0092F755</string>
				<string>1871817B1CCB113F0092F755</string>
				<string>1871817C1CCB113F0092F755</string>
			</array>
			<key>isa</key>
			<string>PBXGroup</string>
			<key>path</key>
			<string>MySettings</string>
			<key>sourceTree</key>
			<string>&lt;group&gt;</string>
		</dict>
		<key>18D071CF1CC9F845003C2DF7</key>
		<dict>
			<key>children</key>
			<array>
				<string>1871816B1CCB10FD0092F755</string>
				<string>1871816C1CCB10FD0092F755</string>
				<string>1871816D1CCB10FD0092F755</string>
			</array>
			<key>isa</key>
			<string>PBXGroup</string>
			<key>path</key>
			<string>Special</string>
			<key>sourceTree</key>
			<string>&lt;group&gt;</string>
		</dict>
		<key>18D071E01CCA0895003C2DF7</key>
		<dict>
			<key>children</key>
			<array>
				<string>1871817F1CCB132D0092F755</string>
				<string>1871815C1CCB0EC90092F755</string>
				<string>18D072081CCA1057003C2DF7</string>
				<string>18D071E11CCA0895003C2DF7</string>
				<string>18D071E21CCA0895003C2DF7</string>
				<string>18D071E31CCA0895003C2DF7</string>
				<string>18D071E41CCA0895003C2DF7</string>
				<string>18D071E51CCA0895003C2DF7</string>
			</array>
			<key>isa</key>
			<string>PBXGroup</string>
			<key>path</key>
			<string>Images</string>
			<key>sourceTree</key>
			<string>&lt;group&gt;</string>
		</dict>
		<key>18D071E11CCA0895003C2DF7</key>
		<dict>
			<key>isa</key>
			<string>PBXFileReference</string>
			<key>lastKnownFileType</key>
			<string>image.png</string>
			<key>path</key>
			<string>Back_32*32.png</string>
			<key>sourceTree</key>
			<string>&lt;group&gt;</string>
		</dict>
		<key>18D071E21CCA0895003C2DF7</key>
		<dict>
			<key>isa</key>
			<string>PBXFileReference</string>
			<key>lastKnownFileType</key>
			<string>image.png</string>
			<key>path</key>
			<string>Back_50*50.png</string>
			<key>sourceTree</key>
			<string>&lt;group&gt;</string>
		</dict>
		<key>18D071E31CCA0895003C2DF7</key>
		<dict>
			<key>isa</key>
			<string>PBXFileReference</string>
			<key>lastKnownFileType</key>
			<string>image.png</string>
			<key>path</key>
			<string>Back_80*80.png</string>
			<key>sourceTree</key>
			<string>&lt;group&gt;</string>
		</dict>
		<key>18D071E41CCA0895003C2DF7</key>
		<dict>
			<key>isa</key>
			<string>PBXFileReference</string>
			<key>lastKnownFileType</key>
			<string>image.png</string>
			<key>path</key>
			<string>back_btn.png</string>
			<key>sourceTree</key>
			<string>&lt;group&gt;</string>
		</dict>
		<key>18D071E51CCA0895003C2DF7</key>
		<dict>
			<key>children</key>
			<array>
				<string>180798F91CCB0C440039B92E</string>
				<string>180798FA1CCB0C440039B92E</string>
				<string>180798FB1CCB0C440039B92E</string>
				<string>180798FC1CCB0C440039B92E</string>
				<string>180798FD1CCB0C440039B92E</string>
				<string>180798FE1CCB0C440039B92E</string>
				<string>180798FF1CCB0C440039B92E</string>
				<string>180799001CCB0C440039B92E</string>
				<string>180799011CCB0C440039B92E</string>
				<string>180799021CCB0C440039B92E</string>
				<string>180799031CCB0C440039B92E</string>
				<string>180799041CCB0C440039B92E</string>
				<string>180799051CCB0C440039B92E</string>
				<string>180799061CCB0C440039B92E</string>
				<string>180799071CCB0C440039B92E</string>
				<string>180799081CCB0C440039B92E</string>
				<string>180799091CCB0C440039B92E</string>
				<string>1807990A1CCB0C440039B92E</string>
				<string>1807990B1CCB0C440039B92E</string>
				<string>1807990C1CCB0C440039B92E</string>
				<string>1807990D1CCB0C440039B92E</string>
				<string>1807990E1CCB0C440039B92E</string>
				<string>1807990F1CCB0C440039B92E</string>
				<string>180799101CCB0C440039B92E</string>
				<string>180799111CCB0C440039B92E</string>
				<string>180799121CCB0C440039B92E</string>
				<string>180799131CCB0C440039B92E</string>
				<string>180799141CCB0C440039B92E</string>
				<string>180799151CCB0C440039B92E</string>
				<string>180799161CCB0C440039B92E</string>
			</array>
			<key>isa</key>
			<string>PBXGroup</string>
			<key>path</key>
			<string>Tab_imgs</string>
			<key>sourceTree</key>
			<string>&lt;group&gt;</string>
		</dict>
		<key>18D071F01CCA0895003C2DF7</key>
		<dict>
			<key>fileRef</key>
			<string>18D071E11CCA0895003C2DF7</string>
			<key>isa</key>
			<string>PBXBuildFile</string>
		</dict>
		<key>18D071F11CCA0895003C2DF7</key>
		<dict>
			<key>fileRef</key>
			<string>18D071E21CCA0895003C2DF7</string>
			<key>isa</key>
			<string>PBXBuildFile</string>
		</dict>
		<key>18D071F21CCA0895003C2DF7</key>
		<dict>
			<key>fileRef</key>
			<string>18D071E31CCA0895003C2DF7</string>
			<key>isa</key>
			<string>PBXBuildFile</string>
		</dict>
		<key>18D071F31CCA0895003C2DF7</key>
		<dict>
			<key>fileRef</key>
			<string>18D071E41CCA0895003C2DF7</string>
			<key>isa</key>
			<string>PBXBuildFile</string>
		</dict>
		<key>18D071FF1CCA08D8003C2DF7</key>
		<dict>
			<key>children</key>
			<array>
				<string>18D072001CCA08D8003C2DF7</string>
				<string>18D072011CCA08D8003C2DF7</string>
				<string>18D072021CCA08D8003C2DF7</string>
				<string>18D072031CCA08D8003C2DF7</string>
			</array>
			<key>isa</key>
			<string>PBXGroup</string>
			<key>path</key>
			<string>Fonts</string>
			<key>sourceTree</key>
			<string>&lt;group&gt;</string>
		</dict>
		<key>18D072001CCA08D8003C2DF7</key>
		<dict>
			<key>isa</key>
			<string>PBXFileReference</string>
			<key>lastKnownFileType</key>
			<string>file</string>
			<key>path</key>
			<string>Lato-Bold.ttf</string>
			<key>sourceTree</key>
			<string>&lt;group&gt;</string>
		</dict>
		<key>18D072011CCA08D8003C2DF7</key>
		<dict>
			<key>isa</key>
			<string>PBXFileReference</string>
			<key>lastKnownFileType</key>
			<string>file</string>
			<key>path</key>
			<string>Lato-Italic.ttf</string>
			<key>sourceTree</key>
			<string>&lt;group&gt;</string>
		</dict>
		<key>18D072021CCA08D8003C2DF7</key>
		<dict>
			<key>isa</key>
			<string>PBXFileReference</string>
			<key>lastKnownFileType</key>
			<string>file</string>
			<key>path</key>
			<string>Lato-Light.ttf</string>
			<key>sourceTree</key>
			<string>&lt;group&gt;</string>
		</dict>
		<key>18D072031CCA08D8003C2DF7</key>
		<dict>
			<key>isa</key>
			<string>PBXFileReference</string>
			<key>lastKnownFileType</key>
			<string>file</string>
			<key>path</key>
			<string>Lato-Regular.ttf</string>
			<key>sourceTree</key>
			<string>&lt;group&gt;</string>
		</dict>
		<key>18D072041CCA08D8003C2DF7</key>
		<dict>
			<key>fileRef</key>
			<string>18D072001CCA08D8003C2DF7</string>
			<key>isa</key>
			<string>PBXBuildFile</string>
		</dict>
		<key>18D072051CCA08D8003C2DF7</key>
		<dict>
			<key>fileRef</key>
			<string>18D072011CCA08D8003C2DF7</string>
			<key>isa</key>
			<string>PBXBuildFile</string>
		</dict>
		<key>18D072061CCA08D8003C2DF7</key>
		<dict>
			<key>fileRef</key>
			<string>18D072021CCA08D8003C2DF7</string>
			<key>isa</key>
			<string>PBXBuildFile</string>
		</dict>
		<key>18D072071CCA08D8003C2DF7</key>
		<dict>
			<key>fileRef</key>
			<string>18D072031CCA08D8003C2DF7</string>
			<key>isa</key>
			<string>PBXBuildFile</string>
		</dict>
		<key>18D072081CCA1057003C2DF7</key>
		<dict>
			<key>isa</key>
			<string>PBXFileReference</string>
			<key>lastKnownFileType</key>
			<string>image.png</string>
			<key>path</key>
			<string>footer_top.png</string>
			<key>sourceTree</key>
			<string>&lt;group&gt;</string>
		</dict>
		<key>18D072091CCA1057003C2DF7</key>
		<dict>
			<key>fileRef</key>
			<string>18D072081CCA1057003C2DF7</string>
			<key>isa</key>
			<string>PBXBuildFile</string>
		</dict>
		<key>18D0720A1CCA203E003C2DF7</key>
		<dict>
			<key>fileEncoding</key>
			<string>4</string>
			<key>isa</key>
			<string>PBXFileReference</string>
			<key>lastKnownFileType</key>
			<string>sourcecode.c.h</string>
			<key>path</key>
			<string>BYCustomTools.h</string>
			<key>sourceTree</key>
			<string>&lt;group&gt;</string>
		</dict>
		<key>18D0720B1CCA203E003C2DF7</key>
		<dict>
			<key>fileEncoding</key>
			<string>4</string>
			<key>isa</key>
			<string>PBXFileReference</string>
			<key>lastKnownFileType</key>
			<string>sourcecode.c.objc</string>
			<key>path</key>
			<string>BYCustomTools.m</string>
			<key>sourceTree</key>
			<string>&lt;group&gt;</string>
		</dict>
		<key>18D0720C1CCA203E003C2DF7</key>
		<dict>
			<key>fileRef</key>
			<string>18D0720B1CCA203E003C2DF7</string>
			<key>isa</key>
			<string>PBXBuildFile</string>
		</dict>
		<key>2FED0D5401739CC0567C0DA8</key>
		<dict>
			<key>children</key>
			<array>
				<string>E8EFFF07C621C4401F7FA712</string>
				<string>62683D702751AD72E0850426</string>
			</array>
			<key>isa</key>
			<string>PBXGroup</string>
			<key>name</key>
			<string>Pods</string>
			<key>sourceTree</key>
			<string>&lt;group&gt;</string>
		</dict>
		<key>374C2433BA42F05F5682BE70</key>
		<dict>
			<key>buildActionMask</key>
			<string>2147483647</string>
			<key>files</key>
			<array/>
			<key>inputPaths</key>
			<array/>
			<key>isa</key>
			<string>PBXShellScriptBuildPhase</string>
			<key>name</key>
			<string>Embed Pods Frameworks</string>
			<key>outputPaths</key>
			<array/>
			<key>runOnlyForDeploymentPostprocessing</key>
			<string>0</string>
			<key>shellPath</key>
			<string>/bin/sh</string>
			<key>shellScript</key>
			<string>"${SRCROOT}/Pods/Target Support Files/Pods/Pods-frameworks.sh"
</string>
			<key>showEnvVarsInLog</key>
			<string>0</string>
		</dict>
		<key>4959366D75D6DC06FFF9D2F5</key>
		<dict>
			<key>buildActionMask</key>
			<string>2147483647</string>
			<key>files</key>
			<array/>
			<key>inputPaths</key>
			<array/>
			<key>isa</key>
			<string>PBXShellScriptBuildPhase</string>
			<key>name</key>
			<string>Copy Pods Resources</string>
			<key>outputPaths</key>
			<array/>
			<key>runOnlyForDeploymentPostprocessing</key>
			<string>0</string>
			<key>shellPath</key>
			<string>/bin/sh</string>
			<key>shellScript</key>
			<string>"${SRCROOT}/Pods/Target Support Files/Pods/Pods-resources.sh"
</string>
			<key>showEnvVarsInLog</key>
			<string>0</string>
		</dict>
		<key>4DB95E5EDA1264BBDB6465D7</key>
		<dict>
			<key>explicitFileType</key>
			<string>archive.ar</string>
			<key>includeInIndex</key>
			<string>0</string>
			<key>isa</key>
			<string>PBXFileReference</string>
			<key>path</key>
			<string>libPods.a</string>
			<key>sourceTree</key>
			<string>BUILT_PRODUCTS_DIR</string>
		</dict>
		<key>62683D702751AD72E0850426</key>
		<dict>
			<key>includeInIndex</key>
			<string>1</string>
			<key>isa</key>
			<string>PBXFileReference</string>
			<key>lastKnownFileType</key>
			<string>text.xcconfig</string>
			<key>name</key>
			<string>Pods.release.xcconfig</string>
			<key>path</key>
			<string>Pods/Target Support Files/Pods/Pods.release.xcconfig</string>
			<key>sourceTree</key>
			<string>&lt;group&gt;</string>
		</dict>
		<key>B4E2BF8C8227CCDA14447E60</key>
		<dict>
			<key>buildActionMask</key>
			<string>2147483647</string>
			<key>files</key>
			<array/>
			<key>inputPaths</key>
			<array/>
			<key>isa</key>
			<string>PBXShellScriptBuildPhase</string>
			<key>name</key>
			<string>Check Pods Manifest.lock</string>
			<key>outputPaths</key>
			<array/>
			<key>runOnlyForDeploymentPostprocessing</key>
			<string>0</string>
			<key>shellPath</key>
			<string>/bin/sh</string>
			<key>shellScript</key>
			<string>diff "${PODS_ROOT}/../Podfile.lock" "${PODS_ROOT}/Manifest.lock" &gt; /dev/null
if [[ $? != 0 ]] ; then
    cat &lt;&lt; EOM
error: The sandbox is not in sync with the Podfile.lock. Run 'pod install' or update your CocoaPods installation.
EOM
    exit 1
fi
</string>
			<key>showEnvVarsInLog</key>
			<string>0</string>
		</dict>
		<key>E8EFFF07C621C4401F7FA712</key>
		<dict>
			<key>includeInIndex</key>
			<string>1</string>
			<key>isa</key>
			<string>PBXFileReference</string>
			<key>lastKnownFileType</key>
			<string>text.xcconfig</string>
			<key>name</key>
			<string>Pods.debug.xcconfig</string>
			<key>path</key>
			<string>Pods/Target Support Files/Pods/Pods.debug.xcconfig</string>
			<key>sourceTree</key>
			<string>&lt;group&gt;</string>
		</dict>
	</dict>
	<key>rootObject</key>
	<string>18D0712F1CC9C7FD003C2DF7</string>
</dict>
</plist>
